// !$*UTF8*$!
{
	archiveVersion = 1;
	classes = {
	};
	objectVersion = 50;
	objects = {

/* Begin PBXBuildFile section */
		1844F2B024467FCF00D9ADFC /* AppDelegate.swift in Sources */ = {isa = PBXBuildFile; fileRef = 1844F2AF24467FCF00D9ADFC /* AppDelegate.swift */; };
		1844F2B224467FCF00D9ADFC /* SceneDelegate.swift in Sources */ = {isa = PBXBuildFile; fileRef = 1844F2B124467FCF00D9ADFC /* SceneDelegate.swift */; };
		1844F2B424467FCF00D9ADFC /* ContentView.swift in Sources */ = {isa = PBXBuildFile; fileRef = 1844F2B324467FCF00D9ADFC /* ContentView.swift */; };
		1844F2B624467FD200D9ADFC /* Assets.xcassets in Resources */ = {isa = PBXBuildFile; fileRef = 1844F2B524467FD200D9ADFC /* Assets.xcassets */; };
		1844F2B924467FD200D9ADFC /* Preview Assets.xcassets in Resources */ = {isa = PBXBuildFile; fileRef = 1844F2B824467FD200D9ADFC /* Preview Assets.xcassets */; };
		1844F2BC24467FD200D9ADFC /* LaunchScreen.storyboard in Resources */ = {isa = PBXBuildFile; fileRef = 1844F2BA24467FD200D9ADFC /* LaunchScreen.storyboard */; };
		1844F2C724467FD200D9ADFC /* LandmarksTests.swift in Sources */ = {isa = PBXBuildFile; fileRef = 1844F2C624467FD200D9ADFC /* LandmarksTests.swift */; };
		1844F2D2244682FD00D9ADFC /* CircleImage.swift in Sources */ = {isa = PBXBuildFile; fileRef = 1844F2D1244682FD00D9ADFC /* CircleImage.swift */; };
		1844F2D42446847600D9ADFC /* MapView.swift in Sources */ = {isa = PBXBuildFile; fileRef = 1844F2D32446847600D9ADFC /* MapView.swift */; };
/* End PBXBuildFile section */

/* Begin PBXContainerItemProxy section */
		1844F2C324467FD200D9ADFC /* PBXContainerItemProxy */ = {
			isa = PBXContainerItemProxy;
			containerPortal = 1844F2A424467FCF00D9ADFC /* Project object */;
			proxyType = 1;
			remoteGlobalIDString = 1844F2AB24467FCF00D9ADFC;
			remoteInfo = Landmarks;
		};
/* End PBXContainerItemProxy section */

/* Begin PBXFileReference section */
		1844F2AC24467FCF00D9ADFC /* Landmarks.app */ = {isa = PBXFileReference; explicitFileType = wrapper.application; includeInIndex = 0; path = Landmarks.app; sourceTree = BUILT_PRODUCTS_DIR; };
		1844F2AF24467FCF00D9ADFC /* AppDelegate.swift */ = {isa = PBXFileReference; lastKnownFileType = sourcecode.swift; path = AppDelegate.swift; sourceTree = "<group>"; };
		1844F2B124467FCF00D9ADFC /* SceneDelegate.swift */ = {isa = PBXFileReference; lastKnownFileType = sourcecode.swift; path = SceneDelegate.swift; sourceTree = "<group>"; };
		1844F2B324467FCF00D9ADFC /* ContentView.swift */ = {isa = PBXFileReference; lastKnownFileType = sourcecode.swift; path = ContentView.swift; sourceTree = "<group>"; };
		1844F2B524467FD200D9ADFC /* Assets.xcassets */ = {isa = PBXFileReference; lastKnownFileType = folder.assetcatalog; path = Assets.xcassets; sourceTree = "<group>"; };
		1844F2B824467FD200D9ADFC /* Preview Assets.xcassets */ = {isa = PBXFileReference; lastKnownFileType = folder.assetcatalog; path = "Preview Assets.xcassets"; sourceTree = "<group>"; };
		1844F2BB24467FD200D9ADFC /* Base */ = {isa = PBXFileReference; lastKnownFileType = file.storyboard; name = Base; path = Base.lproj/LaunchScreen.storyboard; sourceTree = "<group>"; };
		1844F2BD24467FD200D9ADFC /* Info.plist */ = {isa = PBXFileReference; lastKnownFileType = text.plist.xml; path = Info.plist; sourceTree = "<group>"; };
		1844F2C224467FD200D9ADFC /* LandmarksTests.xctest */ = {isa = PBXFileReference; explicitFileType = wrapper.cfbundle; includeInIndex = 0; path = LandmarksTests.xctest; sourceTree = BUILT_PRODUCTS_DIR; };
		1844F2C624467FD200D9ADFC /* LandmarksTests.swift */ = {isa = PBXFileReference; lastKnownFileType = sourcecode.swift; path = LandmarksTests.swift; sourceTree = "<group>"; };
		1844F2C824467FD200D9ADFC /* Info.plist */ = {isa = PBXFileReference; lastKnownFileType = text.plist.xml; path = Info.plist; sourceTree = "<group>"; };
		1844F2D1244682FD00D9ADFC /* CircleImage.swift */ = {isa = PBXFileReference; lastKnownFileType = sourcecode.swift; path = CircleImage.swift; sourceTree = "<group>"; };
		1844F2D32446847600D9ADFC /* MapView.swift */ = {isa = PBXFileReference; lastKnownFileType = sourcecode.swift; path = MapView.swift; sourceTree = "<group>"; };
/* End PBXFileReference section */

/* Begin PBXFrameworksBuildPhase section */
		1844F2A924467FCF00D9ADFC /* Frameworks */ = {
			isa = PBXFrameworksBuildPhase;
			buildActionMask = 2147483647;
			files = (
			);
			runOnlyForDeploymentPostprocessing = 0;
		};
		1844F2BF24467FD200D9ADFC /* Frameworks */ = {
			isa = PBXFrameworksBuildPhase;
			buildActionMask = 2147483647;
			files = (
			);
			runOnlyForDeploymentPostprocessing = 0;
		};
/* End PBXFrameworksBuildPhase section */

/* Begin PBXGroup section */
		1844F2A324467FCF00D9ADFC = {
			isa = PBXGroup;
			children = (
				1844F2AE24467FCF00D9ADFC /* Landmarks */,
				1844F2C524467FD200D9ADFC /* LandmarksTests */,
				1844F2AD24467FCF00D9ADFC /* Products */,
			);
			sourceTree = "<group>";
		};
		1844F2AD24467FCF00D9ADFC /* Products */ = {
			isa = PBXGroup;
			children = (
				1844F2AC24467FCF00D9ADFC /* Landmarks.app */,
				1844F2C224467FD200D9ADFC /* LandmarksTests.xctest */,
			);
			name = Products;
			sourceTree = "<group>";
		};
		1844F2AE24467FCF00D9ADFC /* Landmarks */ = {
			isa = PBXGroup;
			children = (
				1844F2AF24467FCF00D9ADFC /* AppDelegate.swift */,
				1844F2B124467FCF00D9ADFC /* SceneDelegate.swift */,
				1844F2B324467FCF00D9ADFC /* ContentView.swift */,
				1844F2B524467FD200D9ADFC /* Assets.xcassets */,
				1844F2D1244682FD00D9ADFC /* CircleImage.swift */,
				1844F2D32446847600D9ADFC /* MapView.swift */,
				1844F2BA24467FD200D9ADFC /* LaunchScreen.storyboard */,
				1844F2BD24467FD200D9ADFC /* Info.plist */,
				1844F2B724467FD200D9ADFC /* Preview Content */,
			);
			path = Landmarks;
			sourceTree = "<group>";
		};
		1844F2B724467FD200D9ADFC /* Preview Content */ = {
			isa = PBXGroup;
			children = (
				1844F2B824467FD200D9ADFC /* Preview Assets.xcassets */,
			);
			path = "Preview Content";
			sourceTree = "<group>";
		};
		1844F2C524467FD200D9ADFC /* LandmarksTests */ = {
			isa = PBXGroup;
			children = (
				1844F2C624467FD200D9ADFC /* LandmarksTests.swift */,
				1844F2C824467FD200D9ADFC /* Info.plist */,
			);
			path = LandmarksTests;
			sourceTree = "<group>";
		};
/* End PBXGroup section */

/* Begin PBXNativeTarget section */
		1844F2AB24467FCF00D9ADFC /* Landmarks */ = {
			isa = PBXNativeTarget;
			buildConfigurationList = 1844F2CB24467FD200D9ADFC /* Build configuration list for PBXNativeTarget "Landmarks" */;
			buildPhases = (
				1844F2A824467FCF00D9ADFC /* Sources */,
				1844F2A924467FCF00D9ADFC /* Frameworks */,
				1844F2AA24467FCF00D9ADFC /* Resources */,
			);
			buildRules = (
			);
			dependencies = (
			);
			name = Landmarks;
			productName = Landmarks;
			productReference = 1844F2AC24467FCF00D9ADFC /* Landmarks.app */;
			productType = "com.apple.product-type.application";
		};
		1844F2C124467FD200D9ADFC /* LandmarksTests */ = {
			isa = PBXNativeTarget;
			buildConfigurationList = 1844F2CE24467FD200D9ADFC /* Build configuration list for PBXNativeTarget "LandmarksTests" */;
			buildPhases = (
				1844F2BE24467FD200D9ADFC /* Sources */,
				1844F2BF24467FD200D9ADFC /* Frameworks */,
				1844F2C024467FD200D9ADFC /* Resources */,
			);
			buildRules = (
			);
			dependencies = (
				1844F2C424467FD200D9ADFC /* PBXTargetDependency */,
			);
			name = LandmarksTests;
			productName = LandmarksTests;
			productReference = 1844F2C224467FD200D9ADFC /* LandmarksTests.xctest */;
			productType = "com.apple.product-type.bundle.unit-test";
		};
/* End PBXNativeTarget section */

/* Begin PBXProject section */
		1844F2A424467FCF00D9ADFC /* Project object */ = {
			isa = PBXProject;
			attributes = {
				LastSwiftUpdateCheck = 1140;
				LastUpgradeCheck = 1140;
				ORGANIZATIONNAME = "Robin Malhotra";
				TargetAttributes = {
					1844F2AB24467FCF00D9ADFC = {
						CreatedOnToolsVersion = 11.4;
					};
					1844F2C124467FD200D9ADFC = {
						CreatedOnToolsVersion = 11.4;
						TestTargetID = 1844F2AB24467FCF00D9ADFC;
					};
				};
			};
			buildConfigurationList = 1844F2A724467FCF00D9ADFC /* Build configuration list for PBXProject "Landmarks" */;
			compatibilityVersion = "Xcode 9.3";
			developmentRegion = en;
			hasScannedForEncodings = 0;
			knownRegions = (
				en,
				Base,
			);
			mainGroup = 1844F2A324467FCF00D9ADFC;
			productRefGroup = 1844F2AD24467FCF00D9ADFC /* Products */;
			projectDirPath = "";
			projectRoot = "";
			targets = (
				1844F2AB24467FCF00D9ADFC /* Landmarks */,
				1844F2C124467FD200D9ADFC /* LandmarksTests */,
			);
		};
/* End PBXProject section */

/* Begin PBXResourcesBuildPhase section */
		1844F2AA24467FCF00D9ADFC /* Resources */ = {
			isa = PBXResourcesBuildPhase;
			buildActionMask = 2147483647;
			files = (
				1844F2BC24467FD200D9ADFC /* LaunchScreen.storyboard in Resources */,
				1844F2B924467FD200D9ADFC /* Preview Assets.xcassets in Resources */,
				1844F2B624467FD200D9ADFC /* Assets.xcassets in Resources */,
			);
			runOnlyForDeploymentPostprocessing = 0;
		};
		1844F2C024467FD200D9ADFC /* Resources */ = {
			isa = PBXResourcesBuildPhase;
			buildActionMask = 2147483647;
			files = (
			);
			runOnlyForDeploymentPostprocessing = 0;
		};
/* End PBXResourcesBuildPhase section */

/* Begin PBXSourcesBuildPhase section */
		1844F2A824467FCF00D9ADFC /* Sources */ = {
			isa = PBXSourcesBuildPhase;
			buildActionMask = 2147483647;
			files = (
				1844F2B024467FCF00D9ADFC /* AppDelegate.swift in Sources */,
				1844F2D2244682FD00D9ADFC /* CircleImage.swift in Sources */,
				1844F2D42446847600D9ADFC /* MapView.swift in Sources */,
				1844F2B224467FCF00D9ADFC /* SceneDelegate.swift in Sources */,
				1844F2B424467FCF00D9ADFC /* ContentView.swift in Sources */,
			);
			runOnlyForDeploymentPostprocessing = 0;
		};
		1844F2BE24467FD200D9ADFC /* Sources */ = {
			isa = PBXSourcesBuildPhase;
			buildActionMask = 2147483647;
			files = (
				1844F2C724467FD200D9ADFC /* LandmarksTests.swift in Sources */,
			);
			runOnlyForDeploymentPostprocessing = 0;
		};
/* End PBXSourcesBuildPhase section */

/* Begin PBXTargetDependency section */
		1844F2C424467FD200D9ADFC /* PBXTargetDependency */ = {
			isa = PBXTargetDependency;
			target = 1844F2AB24467FCF00D9ADFC /* Landmarks */;
			targetProxy = 1844F2C324467FD200D9ADFC /* PBXContainerItemProxy */;
		};
/* End PBXTargetDependency section */

/* Begin PBXVariantGroup section */
		1844F2BA24467FD200D9ADFC /* LaunchScreen.storyboard */ = {
			isa = PBXVariantGroup;
			children = (
				1844F2BB24467FD200D9ADFC /* Base */,
			);
			name = LaunchScreen.storyboard;
			sourceTree = "<group>";
		};
/* End PBXVariantGroup section */

/* Begin XCBuildConfiguration section */
		1844F2C924467FD200D9ADFC /* Debug */ = {
			isa = XCBuildConfiguration;
			buildSettings = {
				ALWAYS_SEARCH_USER_PATHS = NO;
				CLANG_ANALYZER_NONNULL = YES;
				CLANG_ANALYZER_NUMBER_OBJECT_CONVERSION = YES_AGGRESSIVE;
				CLANG_CXX_LANGUAGE_STANDARD = "gnu++14";
				CLANG_CXX_LIBRARY = "libc++";
				CLANG_ENABLE_MODULES = YES;
				CLANG_ENABLE_OBJC_ARC = YES;
				CLANG_ENABLE_OBJC_WEAK = YES;
				CLANG_WARN_BLOCK_CAPTURE_AUTORELEASING = YES;
				CLANG_WARN_BOOL_CONVERSION = YES;
				CLANG_WARN_COMMA = YES;
				CLANG_WARN_CONSTANT_CONVERSION = YES;
				CLANG_WARN_DEPRECATED_OBJC_IMPLEMENTATIONS = YES;
				CLANG_WARN_DIRECT_OBJC_ISA_USAGE = YES_ERROR;
				CLANG_WARN_DOCUMENTATION_COMMENTS = YES;
				CLANG_WARN_EMPTY_BODY = YES;
				CLANG_WARN_ENUM_CONVERSION = YES;
				CLANG_WARN_INFINITE_RECURSION = YES;
				CLANG_WARN_INT_CONVERSION = YES;
				CLANG_WARN_NON_LITERAL_NULL_CONVERSION = YES;
				CLANG_WARN_OBJC_IMPLICIT_RETAIN_SELF = YES;
				CLANG_WARN_OBJC_LITERAL_CONVERSION = YES;
				CLANG_WARN_OBJC_ROOT_CLASS = YES_ERROR;
				CLANG_WARN_RANGE_LOOP_ANALYSIS = YES;
				CLANG_WARN_STRICT_PROTOTYPES = YES;
				CLANG_WARN_SUSPICIOUS_MOVE = YES;
				CLANG_WARN_UNGUARDED_AVAILABILITY = YES_AGGRESSIVE;
				CLANG_WARN_UNREACHABLE_CODE = YES;
				CLANG_WARN__DUPLICATE_METHOD_MATCH = YES;
				COPY_PHASE_STRIP = NO;
				DEBUG_INFORMATION_FORMAT = dwarf;
				ENABLE_STRICT_OBJC_MSGSEND = YES;
				ENABLE_TESTABILITY = YES;
				GCC_C_LANGUAGE_STANDARD = gnu11;
				GCC_DYNAMIC_NO_PIC = NO;
				GCC_NO_COMMON_BLOCKS = YES;
				GCC_OPTIMIZATION_LEVEL = 0;
				GCC_PREPROCESSOR_DEFINITIONS = (
					"DEBUG=1",
					"$(inherited)",
				);
				GCC_WARN_64_TO_32_BIT_CONVERSION = YES;
				GCC_WARN_ABOUT_RETURN_TYPE = YES_ERROR;
				GCC_WARN_UNDECLARED_SELECTOR = YES;
				GCC_WARN_UNINITIALIZED_AUTOS = YES_AGGRESSIVE;
				GCC_WARN_UNUSED_FUNCTION = YES;
				GCC_WARN_UNUSED_VARIABLE = YES;
				IPHONEOS_DEPLOYMENT_TARGET = 13.4;
				MTL_ENABLE_DEBUG_INFO = INCLUDE_SOURCE;
				MTL_FAST_MATH = YES;
				ONLY_ACTIVE_ARCH = YES;
				SDKROOT = iphoneos;
				SWIFT_ACTIVE_COMPILATION_CONDITIONS = DEBUG;
				SWIFT_OPTIMIZATION_LEVEL = "-Onone";
			};
			name = Debug;
		};
		1844F2CA24467FD200D9ADFC /* Release */ = {
			isa = XCBuildConfiguration;
			buildSettings = {
				ALWAYS_SEARCH_USER_PATHS = NO;
				CLANG_ANALYZER_NONNULL = YES;
				CLANG_ANALYZER_NUMBER_OBJECT_CONVERSION = YES_AGGRESSIVE;
				CLANG_CXX_LANGUAGE_STANDARD = "gnu++14";
				CLANG_CXX_LIBRARY = "libc++";
				CLANG_ENABLE_MODULES = YES;
				CLANG_ENABLE_OBJC_ARC = YES;
				CLANG_ENABLE_OBJC_WEAK = YES;
				CLANG_WARN_BLOCK_CAPTURE_AUTORELEASING = YES;
				CLANG_WARN_BOOL_CONVERSION = YES;
				CLANG_WARN_COMMA = YES;
				CLANG_WARN_CONSTANT_CONVERSION = YES;
				CLANG_WARN_DEPRECATED_OBJC_IMPLEMENTATIONS = YES;
				CLANG_WARN_DIRECT_OBJC_ISA_USAGE = YES_ERROR;
				CLANG_WARN_DOCUMENTATION_COMMENTS = YES;
				CLANG_WARN_EMPTY_BODY = YES;
				CLANG_WARN_ENUM_CONVERSION = YES;
				CLANG_WARN_INFINITE_RECURSION = YES;
				CLANG_WARN_INT_CONVERSION = YES;
				CLANG_WARN_NON_LITERAL_NULL_CONVERSION = YES;
				CLANG_WARN_OBJC_IMPLICIT_RETAIN_SELF = YES;
				CLANG_WARN_OBJC_LITERAL_CONVERSION = YES;
				CLANG_WARN_OBJC_ROOT_CLASS = YES_ERROR;
				CLANG_WARN_RANGE_LOOP_ANALYSIS = YES;
				CLANG_WARN_STRICT_PROTOTYPES = YES;
				CLANG_WARN_SUSPICIOUS_MOVE = YES;
				CLANG_WARN_UNGUARDED_AVAILABILITY = YES_AGGRESSIVE;
				CLANG_WARN_UNREACHABLE_CODE = YES;
				CLANG_WARN__DUPLICATE_METHOD_MATCH = YES;
				COPY_PHASE_STRIP = NO;
				DEBUG_INFORMATION_FORMAT = "dwarf-with-dsym";
				ENABLE_NS_ASSERTIONS = NO;
				ENABLE_STRICT_OBJC_MSGSEND = YES;
				GCC_C_LANGUAGE_STANDARD = gnu11;
				GCC_NO_COMMON_BLOCKS = YES;
				GCC_WARN_64_TO_32_BIT_CONVERSION = YES;
				GCC_WARN_ABOUT_RETURN_TYPE = YES_ERROR;
				GCC_WARN_UNDECLARED_SELECTOR = YES;
				GCC_WARN_UNINITIALIZED_AUTOS = YES_AGGRESSIVE;
				GCC_WARN_UNUSED_FUNCTION = YES;
				GCC_WARN_UNUSED_VARIABLE = YES;
				IPHONEOS_DEPLOYMENT_TARGET = 13.4;
				MTL_ENABLE_DEBUG_INFO = NO;
				MTL_FAST_MATH = YES;
				SDKROOT = iphoneos;
				SWIFT_COMPILATION_MODE = wholemodule;
				SWIFT_OPTIMIZATION_LEVEL = "-O";
				VALIDATE_PRODUCT = YES;
			};
			name = Release;
		};
		1844F2CC24467FD200D9ADFC /* Debug */ = {
			isa = XCBuildConfiguration;
			buildSettings = {
				ASSETCATALOG_COMPILER_APPICON_NAME = AppIcon;
				CODE_SIGN_STYLE = Automatic;
				DEVELOPMENT_ASSET_PATHS = "\"Landmarks/Preview Content\"";
				ENABLE_PREVIEWS = YES;
				INFOPLIST_FILE = Landmarks/Info.plist;
				LD_RUNPATH_SEARCH_PATHS = (
					"$(inherited)",
					"@executable_path/Frameworks",
				);
				PRODUCT_BUNDLE_IDENTIFIER = com.something.Landmarks;
				PRODUCT_NAME = "$(TARGET_NAME)";
				SWIFT_VERSION = 5.0;
				TARGETED_DEVICE_FAMILY = "1,2";
			};
			name = Debug;
		};
		1844F2CD24467FD200D9ADFC /* Release */ = {
			isa = XCBuildConfiguration;
			buildSettings = {
				ASSETCATALOG_COMPILER_APPICON_NAME = AppIcon;
				CODE_SIGN_STYLE = Automatic;
				DEVELOPMENT_ASSET_PATHS = "\"Landmarks/Preview Content\"";
				ENABLE_PREVIEWS = YES;
				INFOPLIST_FILE = Landmarks/Info.plist;
				LD_RUNPATH_SEARCH_PATHS = (
					"$(inherited)",
					"@executable_path/Frameworks",
				);
				PRODUCT_BUNDLE_IDENTIFIER = com.something.Landmarks;
				PRODUCT_NAME = "$(TARGET_NAME)";
				SWIFT_VERSION = 5.0;
				TARGETED_DEVICE_FAMILY = "1,2";
			};
			name = Release;
		};
		1844F2CF24467FD200D9ADFC /* Debug */ = {
			isa = XCBuildConfiguration;
			buildSettings = {
				ALWAYS_EMBED_SWIFT_STANDARD_LIBRARIES = YES;
				BUNDLE_LOADER = "$(TEST_HOST)";
				CODE_SIGN_STYLE = Automatic;
				INFOPLIST_FILE = LandmarksTests/Info.plist;
				IPHONEOS_DEPLOYMENT_TARGET = 13.4;
				LD_RUNPATH_SEARCH_PATHS = (
					"$(inherited)",
					"@executable_path/Frameworks",
					"@loader_path/Frameworks",
				);
				PRODUCT_BUNDLE_IDENTIFIER = com.something.LandmarksTests;
				PRODUCT_NAME = "$(TARGET_NAME)";
				SWIFT_VERSION = 5.0;
				TARGETED_DEVICE_FAMILY = "1,2";
				TEST_HOST = "$(BUILT_PRODUCTS_DIR)/Landmarks.app/Landmarks";
			};
			name = Debug;
		};
		1844F2D024467FD200D9ADFC /* Release */ = {
			isa = XCBuildConfiguration;
			buildSettings = {
				ALWAYS_EMBED_SWIFT_STANDARD_LIBRARIES = YES;
				BUNDLE_LOADER = "$(TEST_HOST)";
				CODE_SIGN_STYLE = Automatic;
				INFOPLIST_FILE = LandmarksTests/Info.plist;
				IPHONEOS_DEPLOYMENT_TARGET = 13.4;
				LD_RUNPATH_SEARCH_PATHS = (
					"$(inherited)",
					"@executable_path/Frameworks",
					"@loader_path/Frameworks",
				);
				PRODUCT_BUNDLE_IDENTIFIER = com.something.LandmarksTests;
				PRODUCT_NAME = "$(TARGET_NAME)";
				SWIFT_VERSION = 5.0;
				TARGETED_DEVICE_FAMILY = "1,2";
				TEST_HOST = "$(BUILT_PRODUCTS_DIR)/Landmarks.app/Landmarks";
			};
			name = Release;
		};
/* End XCBuildConfiguration section */

/* Begin XCConfigurationList section */
		1844F2A724467FCF00D9ADFC /* Build configuration list for PBXProject "Landmarks" */ = {
			isa = XCConfigurationList;
			buildConfigurations = (
				1844F2C924467FD200D9ADFC /* Debug */,
				1844F2CA24467FD200D9ADFC /* Release */,
			);
			defaultConfigurationIsVisible = 0;
			defaultConfigurationName = Release;
		};
		1844F2CB24467FD200D9ADFC /* Build configuration list for PBXNativeTarget "Landmarks" */ = {
			isa = XCConfigurationList;
			buildConfigurations = (
				1844F2CC24467FD200D9ADFC /* Debug */,
				1844F2CD24467FD200D9ADFC /* Release */,
			);
			defaultConfigurationIsVisible = 0;
			defaultConfigurationName = Release;
		};
		1844F2CE24467FD200D9ADFC /* Build configuration list for PBXNativeTarget "LandmarksTests" */ = {
			isa = XCConfigurationList;
			buildConfigurations = (
				1844F2CF24467FD200D9ADFC /* Debug */,
				1844F2D024467FD200D9ADFC /* Release */,
			);
			defaultConfigurationIsVisible = 0;
			defaultConfigurationName = Release;
		};
/* End XCConfigurationList section */
	};
	rootObject = 1844F2A424467FCF00D9ADFC /* Project object */;
}
